
Microsoft Visual Studio Solution File, Format Version 12.00
# Visual Studio Version 17
VisualStudioVersion = 17.0.31903.59
MinimumVisualStudioVersion = 10.0.40219.1
Project("{2150E333-8FDC-42A3-9474-1A3956D46DE8}") = "src", "src", "{827E0CD3-B72D-47B6-A68D-7590B98EB39B}"
EndProject
Project("{2150E333-8FDC-42A3-9474-1A3956D46DE8}") = "tests", "tests", "{0AB3BF05-4346-4AA6-1389-037BE0695223}"
EndProject
Project("{FAE04EC0-301F-11D3-BF4B-00C04F79EFBC}") = "Oficina.Tests", "tests\Oficina.Tests\Oficina.Tests.csproj", "{B8A3A517-22F2-4588-98BC-909C81BBA2B9}"
EndProject
Project("{FAE04EC0-301F-11D3-BF4B-00C04F79EFBC}") = "Oficina.Tests.Integration", "tests\Oficina.Tests.Integration\Oficina.Tests.Integration.csproj", "{5A62258E-1B94-4408-B589-6B056660264B}"
EndProject
Project("{FAE04EC0-301F-11D3-BF4B-00C04F79EFBC}") = "Oficina.Api", "src\Oficina.Api\Oficina.Api.csproj", "{7DEF9740-30DC-47B6-B071-2EAF5AB83589}"
EndProject
Project("{2150E333-8FDC-42A3-9474-1A3956D46DE8}") = "Solution Items", "Solution Items", "{8EC462FD-D22E-90A8-E5CE-7E832BA40C5D}"
	ProjectSection(SolutionItems) = preProject
		.env = .env
		coverlet.runsettings = coverlet.runsettings
		Directory.Build.props = Directory.Build.props
		docker-compose.yml = docker-compose.yml
		README.md = README.md
		test-coverage.ps1 = test-coverage.ps1
	EndProjectSection
EndProject
Project("{2150E333-8FDC-42A3-9474-1A3956D46DE8}") = "atendimento", "atendimento", "{F6BFEEA8-626E-2265-D6AD-3193C1BBE065}"
EndProject
Project("{FAE04EC0-301F-11D3-BF4B-00C04F79EFBC}") = "Oficina.Atendimento.Application", "src\atendimento\Oficina.Atendimento.Application\Oficina.Atendimento.Application.csproj", "{5C3BE95C-E178-4BF6-9BB0-F937215CED6C}"
EndProject
Project("{FAE04EC0-301F-11D3-BF4B-00C04F79EFBC}") = "Oficina.Atendimento.Domain", "src\atendimento\Oficina.Atendimento.Domain\Oficina.Atendimento.Domain.csproj", "{0DEEB1BC-9409-4FE1-A89B-F9CA0E5588BF}"
EndProject
Project("{FAE04EC0-301F-11D3-BF4B-00C04F79EFBC}") = "Oficina.Atendimento.Infrastructure", "src\atendimento\Oficina.Atendimento.Infrastructure\Oficina.Atendimento.Infrastructure.csproj", "{AC3640B2-678B-4DCB-8C45-670E10A17561}"
EndProject
Project("{2150E333-8FDC-42A3-9474-1A3956D46DE8}") = "estoque", "estoque", "{00B59D96-ED68-C920-9F91-B6B8B1FC5EF2}"
EndProject
Project("{FAE04EC0-301F-11D3-BF4B-00C04F79EFBC}") = "Oficina.Estoque.Application", "src\estoque\Oficina.Estoque.Application\Oficina.Estoque.Application.csproj", "{86718022-FA78-4F04-94EF-CA7359718D57}"
EndProject
Project("{FAE04EC0-301F-11D3-BF4B-00C04F79EFBC}") = "Oficina.Estoque.Domain", "src\estoque\Oficina.Estoque.Domain\Oficina.Estoque.Domain.csproj", "{DB94A396-B723-48B5-B4C6-F35426EA72CA}"
EndProject
Project("{FAE04EC0-301F-11D3-BF4B-00C04F79EFBC}") = "Oficina.Estoque.Infrastructure", "src\estoque\Oficina.Estoque.Infrastructure\Oficina.Estoque.Infrastructure.csproj", "{5D362099-99E0-49FA-AF0D-642EDDCEB573}"
EndProject
Project("{2150E333-8FDC-42A3-9474-1A3956D46DE8}") = "common", "common", "{02EA681E-C7D8-13C7-8484-4AC65E1B71E8}"
EndProject
Project("{FAE04EC0-301F-11D3-BF4B-00C04F79EFBC}") = "Oficina.Common.Domain", "src\common\Oficina.Common.Domain\Oficina.Common.Domain.csproj", "{0761166E-9DC0-4A98-93B1-A2AC6725A51E}"
EndProject
Project("{FAE04EC0-301F-11D3-BF4B-00C04F79EFBC}") = "Oficina.Common.Application", "src\common\Oficina.Common.Application\Oficina.Common.Application.csproj", "{2D76AE15-B2A7-406C-97DA-6C33A368B271}"
EndProject
Project("{FAE04EC0-301F-11D3-BF4B-00C04F79EFBC}") = "Oficina.Common.Infrastructure", "src\common\Oficina.Common.Infrastructure\Oficina.Common.Infrastructure.csproj", "{28D13DBF-1EF1-466D-A2CB-DD0BEF0D60C7}"
EndProject
Global
	GlobalSection(SolutionConfigurationPlatforms) = preSolution
		Debug|Any CPU = Debug|Any CPU
		Debug|x64 = Debug|x64
		Debug|x86 = Debug|x86
		Release|Any CPU = Release|Any CPU
		Release|x64 = Release|x64
		Release|x86 = Release|x86
	EndGlobalSection
	GlobalSection(ProjectConfigurationPlatforms) = postSolution
		{B8A3A517-22F2-4588-98BC-909C81BBA2B9}.Debug|Any CPU.ActiveCfg = Debug|Any CPU
		{B8A3A517-22F2-4588-98BC-909C81BBA2B9}.Debug|Any CPU.Build.0 = Debug|Any CPU
		{B8A3A517-22F2-4588-98BC-909C81BBA2B9}.Debug|x64.ActiveCfg = Debug|Any CPU
		{B8A3A517-22F2-4588-98BC-909C81BBA2B9}.Debug|x64.Build.0 = Debug|Any CPU
		{B8A3A517-22F2-4588-98BC-909C81BBA2B9}.Debug|x86.ActiveCfg = Debug|Any CPU
		{B8A3A517-22F2-4588-98BC-909C81BBA2B9}.Debug|x86.Build.0 = Debug|Any CPU
		{B8A3A517-22F2-4588-98BC-909C81BBA2B9}.Release|Any CPU.ActiveCfg = Release|Any CPU
		{B8A3A517-22F2-4588-98BC-909C81BBA2B9}.Release|Any CPU.Build.0 = Release|Any CPU
		{B8A3A517-22F2-4588-98BC-909C81BBA2B9}.Release|x64.ActiveCfg = Release|Any CPU
		{B8A3A517-22F2-4588-98BC-909C81BBA2B9}.Release|x64.Build.0 = Release|Any CPU
		{B8A3A517-22F2-4588-98BC-909C81BBA2B9}.Release|x86.ActiveCfg = Release|Any CPU
		{B8A3A517-22F2-4588-98BC-909C81BBA2B9}.Release|x86.Build.0 = Release|Any CPU
		{5A62258E-1B94-4408-B589-6B056660264B}.Debug|Any CPU.ActiveCfg = Debug|Any CPU
		{5A62258E-1B94-4408-B589-6B056660264B}.Debug|Any CPU.Build.0 = Debug|Any CPU
		{5A62258E-1B94-4408-B589-6B056660264B}.Debug|x64.ActiveCfg = Debug|Any CPU
		{5A62258E-1B94-4408-B589-6B056660264B}.Debug|x64.Build.0 = Debug|Any CPU
		{5A62258E-1B94-4408-B589-6B056660264B}.Debug|x86.ActiveCfg = Debug|Any CPU
		{5A62258E-1B94-4408-B589-6B056660264B}.Debug|x86.Build.0 = Debug|Any CPU
		{5A62258E-1B94-4408-B589-6B056660264B}.Release|Any CPU.ActiveCfg = Release|Any CPU
		{5A62258E-1B94-4408-B589-6B056660264B}.Release|Any CPU.Build.0 = Release|Any CPU
		{5A62258E-1B94-4408-B589-6B056660264B}.Release|x64.ActiveCfg = Release|Any CPU
		{5A62258E-1B94-4408-B589-6B056660264B}.Release|x64.Build.0 = Release|Any CPU
		{5A62258E-1B94-4408-B589-6B056660264B}.Release|x86.ActiveCfg = Release|Any CPU
		{5A62258E-1B94-4408-B589-6B056660264B}.Release|x86.Build.0 = Release|Any CPU
		{7DEF9740-30DC-47B6-B071-2EAF5AB83589}.Debug|Any CPU.ActiveCfg = Debug|Any CPU
		{7DEF9740-30DC-47B6-B071-2EAF5AB83589}.Debug|Any CPU.Build.0 = Debug|Any CPU
		{7DEF9740-30DC-47B6-B071-2EAF5AB83589}.Debug|x64.ActiveCfg = Debug|Any CPU
		{7DEF9740-30DC-47B6-B071-2EAF5AB83589}.Debug|x64.Build.0 = Debug|Any CPU
		{7DEF9740-30DC-47B6-B071-2EAF5AB83589}.Debug|x86.ActiveCfg = Debug|Any CPU
		{7DEF9740-30DC-47B6-B071-2EAF5AB83589}.Debug|x86.Build.0 = Debug|Any CPU
		{7DEF9740-30DC-47B6-B071-2EAF5AB83589}.Release|Any CPU.ActiveCfg = Release|Any CPU
		{7DEF9740-30DC-47B6-B071-2EAF5AB83589}.Release|Any CPU.Build.0 = Release|Any CPU
		{7DEF9740-30DC-47B6-B071-2EAF5AB83589}.Release|x64.ActiveCfg = Release|Any CPU
		{7DEF9740-30DC-47B6-B071-2EAF5AB83589}.Release|x64.Build.0 = Release|Any CPU
		{7DEF9740-30DC-47B6-B071-2EAF5AB83589}.Release|x86.ActiveCfg = Release|Any CPU
		{7DEF9740-30DC-47B6-B071-2EAF5AB83589}.Release|x86.Build.0 = Release|Any CPU
		{5C3BE95C-E178-4BF6-9BB0-F937215CED6C}.Debug|Any CPU.ActiveCfg = Debug|Any CPU
		{5C3BE95C-E178-4BF6-9BB0-F937215CED6C}.Debug|Any CPU.Build.0 = Debug|Any CPU
		{5C3BE95C-E178-4BF6-9BB0-F937215CED6C}.Debug|x64.ActiveCfg = Debug|Any CPU
		{5C3BE95C-E178-4BF6-9BB0-F937215CED6C}.Debug|x64.Build.0 = Debug|Any CPU
		{5C3BE95C-E178-4BF6-9BB0-F937215CED6C}.Debug|x86.ActiveCfg = Debug|Any CPU
		{5C3BE95C-E178-4BF6-9BB0-F937215CED6C}.Debug|x86.Build.0 = Debug|Any CPU
		{5C3BE95C-E178-4BF6-9BB0-F937215CED6C}.Release|Any CPU.ActiveCfg = Release|Any CPU
		{5C3BE95C-E178-4BF6-9BB0-F937215CED6C}.Release|Any CPU.Build.0 = Release|Any CPU
		{5C3BE95C-E178-4BF6-9BB0-F937215CED6C}.Release|x64.ActiveCfg = Release|Any CPU
		{5C3BE95C-E178-4BF6-9BB0-F937215CED6C}.Release|x64.Build.0 = Release|Any CPU
		{5C3BE95C-E178-4BF6-9BB0-F937215CED6C}.Release|x86.ActiveCfg = Release|Any CPU
		{5C3BE95C-E178-4BF6-9BB0-F937215CED6C}.Release|x86.Build.0 = Release|Any CPU
		{0DEEB1BC-9409-4FE1-A89B-F9CA0E5588BF}.Debug|Any CPU.ActiveCfg = Debug|Any CPU
		{0DEEB1BC-9409-4FE1-A89B-F9CA0E5588BF}.Debug|Any CPU.Build.0 = Debug|Any CPU
		{0DEEB1BC-9409-4FE1-A89B-F9CA0E5588BF}.Debug|x64.ActiveCfg = Debug|Any CPU
		{0DEEB1BC-9409-4FE1-A89B-F9CA0E5588BF}.Debug|x64.Build.0 = Debug|Any CPU
		{0DEEB1BC-9409-4FE1-A89B-F9CA0E5588BF}.Debug|x86.ActiveCfg = Debug|Any CPU
		{0DEEB1BC-9409-4FE1-A89B-F9CA0E5588BF}.Debug|x86.Build.0 = Debug|Any CPU
		{0DEEB1BC-9409-4FE1-A89B-F9CA0E5588BF}.Release|Any CPU.ActiveCfg = Release|Any CPU
		{0DEEB1BC-9409-4FE1-A89B-F9CA0E5588BF}.Release|Any CPU.Build.0 = Release|Any CPU
		{0DEEB1BC-9409-4FE1-A89B-F9CA0E5588BF}.Release|x64.ActiveCfg = Release|Any CPU
		{0DEEB1BC-9409-4FE1-A89B-F9CA0E5588BF}.Release|x64.Build.0 = Release|Any CPU
		{0DEEB1BC-9409-4FE1-A89B-F9CA0E5588BF}.Release|x86.ActiveCfg = Release|Any CPU
		{0DEEB1BC-9409-4FE1-A89B-F9CA0E5588BF}.Release|x86.Build.0 = Release|Any CPU
		{AC3640B2-678B-4DCB-8C45-670E10A17561}.Debug|Any CPU.ActiveCfg = Debug|Any CPU
		{AC3640B2-678B-4DCB-8C45-670E10A17561}.Debug|Any CPU.Build.0 = Debug|Any CPU
		{AC3640B2-678B-4DCB-8C45-670E10A17561}.Debug|x64.ActiveCfg = Debug|Any CPU
		{AC3640B2-678B-4DCB-8C45-670E10A17561}.Debug|x64.Build.0 = Debug|Any CPU
		{AC3640B2-678B-4DCB-8C45-670E10A17561}.Debug|x86.ActiveCfg = Debug|Any CPU
		{AC3640B2-678B-4DCB-8C45-670E10A17561}.Debug|x86.Build.0 = Debug|Any CPU
		{AC3640B2-678B-4DCB-8C45-670E10A17561}.Release|Any CPU.ActiveCfg = Release|Any CPU
		{AC3640B2-678B-4DCB-8C45-670E10A17561}.Release|Any CPU.Build.0 = Release|Any CPU
		{AC3640B2-678B-4DCB-8C45-670E10A17561}.Release|x64.ActiveCfg = Release|Any CPU
		{AC3640B2-678B-4DCB-8C45-670E10A17561}.Release|x64.Build.0 = Release|Any CPU
		{AC3640B2-678B-4DCB-8C45-670E10A17561}.Release|x86.ActiveCfg = Release|Any CPU
		{AC3640B2-678B-4DCB-8C45-670E10A17561}.Release|x86.Build.0 = Release|Any CPU
		{86718022-FA78-4F04-94EF-CA7359718D57}.Debug|Any CPU.ActiveCfg = Debug|Any CPU
		{86718022-FA78-4F04-94EF-CA7359718D57}.Debug|Any CPU.Build.0 = Debug|Any CPU
		{86718022-FA78-4F04-94EF-CA7359718D57}.Debug|x64.ActiveCfg = Debug|Any CPU
		{86718022-FA78-4F04-94EF-CA7359718D57}.Debug|x64.Build.0 = Debug|Any CPU
		{86718022-FA78-4F04-94EF-CA7359718D57}.Debug|x86.ActiveCfg = Debug|Any CPU
		{86718022-FA78-4F04-94EF-CA7359718D57}.Debug|x86.Build.0 = Debug|Any CPU
		{86718022-FA78-4F04-94EF-CA7359718D57}.Release|Any CPU.ActiveCfg = Release|Any CPU
		{86718022-FA78-4F04-94EF-CA7359718D57}.Release|Any CPU.Build.0 = Release|Any CPU
		{86718022-FA78-4F04-94EF-CA7359718D57}.Release|x64.ActiveCfg = Release|Any CPU
		{86718022-FA78-4F04-94EF-CA7359718D57}.Release|x64.Build.0 = Release|Any CPU
		{86718022-FA78-4F04-94EF-CA7359718D57}.Release|x86.ActiveCfg = Release|Any CPU
		{86718022-FA78-4F04-94EF-CA7359718D57}.Release|x86.Build.0 = Release|Any CPU
		{DB94A396-B723-48B5-B4C6-F35426EA72CA}.Debug|Any CPU.ActiveCfg = Debug|Any CPU
		{DB94A396-B723-48B5-B4C6-F35426EA72CA}.Debug|Any CPU.Build.0 = Debug|Any CPU
		{DB94A396-B723-48B5-B4C6-F35426EA72CA}.Debug|x64.ActiveCfg = Debug|Any CPU
		{DB94A396-B723-48B5-B4C6-F35426EA72CA}.Debug|x64.Build.0 = Debug|Any CPU
		{DB94A396-B723-48B5-B4C6-F35426EA72CA}.Debug|x86.ActiveCfg = Debug|Any CPU
		{DB94A396-B723-48B5-B4C6-F35426EA72CA}.Debug|x86.Build.0 = Debug|Any CPU
		{DB94A396-B723-48B5-B4C6-F35426EA72CA}.Release|Any CPU.ActiveCfg = Release|Any CPU
		{DB94A396-B723-48B5-B4C6-F35426EA72CA}.Release|Any CPU.Build.0 = Release|Any CPU
		{DB94A396-B723-48B5-B4C6-F35426EA72CA}.Release|x64.ActiveCfg = Release|Any CPU
		{DB94A396-B723-48B5-B4C6-F35426EA72CA}.Release|x64.Build.0 = Release|Any CPU
		{DB94A396-B723-48B5-B4C6-F35426EA72CA}.Release|x86.ActiveCfg = Release|Any CPU
		{DB94A396-B723-48B5-B4C6-F35426EA72CA}.Release|x86.Build.0 = Release|Any CPU
		{5D362099-99E0-49FA-AF0D-642EDDCEB573}.Debug|Any CPU.ActiveCfg = Debug|Any CPU
		{5D362099-99E0-49FA-AF0D-642EDDCEB573}.Debug|Any CPU.Build.0 = Debug|Any CPU
		{5D362099-99E0-49FA-AF0D-642EDDCEB573}.Debug|x64.ActiveCfg = Debug|Any CPU
		{5D362099-99E0-49FA-AF0D-642EDDCEB573}.Debug|x64.Build.0 = Debug|Any CPU
		{5D362099-99E0-49FA-AF0D-642EDDCEB573}.Debug|x86.ActiveCfg = Debug|Any CPU
		{5D362099-99E0-49FA-AF0D-642EDDCEB573}.Debug|x86.Build.0 = Debug|Any CPU
		{5D362099-99E0-49FA-AF0D-642EDDCEB573}.Release|Any CPU.ActiveCfg = Release|Any CPU
		{5D362099-99E0-49FA-AF0D-642EDDCEB573}.Release|Any CPU.Build.0 = Release|Any CPU
		{5D362099-99E0-49FA-AF0D-642EDDCEB573}.Release|x64.ActiveCfg = Release|Any CPU
		{5D362099-99E0-49FA-AF0D-642EDDCEB573}.Release|x64.Build.0 = Release|Any CPU
		{5D362099-99E0-49FA-AF0D-642EDDCEB573}.Release|x86.ActiveCfg = Release|Any CPU
		{5D362099-99E0-49FA-AF0D-642EDDCEB573}.Release|x86.Build.0 = Release|Any CPU
		{0761166E-9DC0-4A98-93B1-A2AC6725A51E}.Debug|Any CPU.ActiveCfg = Debug|Any CPU
		{0761166E-9DC0-4A98-93B1-A2AC6725A51E}.Debug|Any CPU.Build.0 = Debug|Any CPU
		{0761166E-9DC0-4A98-93B1-A2AC6725A51E}.Debug|x64.ActiveCfg = Debug|Any CPU
		{0761166E-9DC0-4A98-93B1-A2AC6725A51E}.Debug|x64.Build.0 = Debug|Any CPU
		{0761166E-9DC0-4A98-93B1-A2AC6725A51E}.Debug|x86.ActiveCfg = Debug|Any CPU
		{0761166E-9DC0-4A98-93B1-A2AC6725A51E}.Debug|x86.Build.0 = Debug|Any CPU
		{0761166E-9DC0-4A98-93B1-A2AC6725A51E}.Release|Any CPU.ActiveCfg = Release|Any CPU
		{0761166E-9DC0-4A98-93B1-A2AC6725A51E}.Release|Any CPU.Build.0 = Release|Any CPU
		{0761166E-9DC0-4A98-93B1-A2AC6725A51E}.Release|x64.ActiveCfg = Release|Any CPU
		{0761166E-9DC0-4A98-93B1-A2AC6725A51E}.Release|x64.Build.0 = Release|Any CPU
		{0761166E-9DC0-4A98-93B1-A2AC6725A51E}.Release|x86.ActiveCfg = Release|Any CPU
		{0761166E-9DC0-4A98-93B1-A2AC6725A51E}.Release|x86.Build.0 = Release|Any CPU
		{2D76AE15-B2A7-406C-97DA-6C33A368B271}.Debug|Any CPU.ActiveCfg = Debug|Any CPU
		{2D76AE15-B2A7-406C-97DA-6C33A368B271}.Debug|Any CPU.Build.0 = Debug|Any CPU
		{2D76AE15-B2A7-406C-97DA-6C33A368B271}.Debug|x64.ActiveCfg = Debug|Any CPU
		{2D76AE15-B2A7-406C-97DA-6C33A368B271}.Debug|x64.Build.0 = Debug|Any CPU
		{2D76AE15-B2A7-406C-97DA-6C33A368B271}.Debug|x86.ActiveCfg = Debug|Any CPU
		{2D76AE15-B2A7-406C-97DA-6C33A368B271}.Debug|x86.Build.0 = Debug|Any CPU
		{2D76AE15-B2A7-406C-97DA-6C33A368B271}.Release|Any CPU.ActiveCfg = Release|Any CPU
		{2D76AE15-B2A7-406C-97DA-6C33A368B271}.Release|Any CPU.Build.0 = Release|Any CPU
		{2D76AE15-B2A7-406C-97DA-6C33A368B271}.Release|x64.ActiveCfg = Release|Any CPU
		{2D76AE15-B2A7-406C-97DA-6C33A368B271}.Release|x64.Build.0 = Release|Any CPU
		{2D76AE15-B2A7-406C-97DA-6C33A368B271}.Release|x86.ActiveCfg = Release|Any CPU
		{2D76AE15-B2A7-406C-97DA-6C33A368B271}.Release|x86.Build.0 = Release|Any CPU
		{28D13DBF-1EF1-466D-A2CB-DD0BEF0D60C7}.Debug|Any CPU.ActiveCfg = Debug|Any CPU
		{28D13DBF-1EF1-466D-A2CB-DD0BEF0D60C7}.Debug|Any CPU.Build.0 = Debug|Any CPU
		{28D13DBF-1EF1-466D-A2CB-DD0BEF0D60C7}.Debug|x64.ActiveCfg = Debug|Any CPU
		{28D13DBF-1EF1-466D-A2CB-DD0BEF0D60C7}.Debug|x64.Build.0 = Debug|Any CPU
		{28D13DBF-1EF1-466D-A2CB-DD0BEF0D60C7}.Debug|x86.ActiveCfg = Debug|Any CPU
		{28D13DBF-1EF1-466D-A2CB-DD0BEF0D60C7}.Debug|x86.Build.0 = Debug|Any CPU
		{28D13DBF-1EF1-466D-A2CB-DD0BEF0D60C7}.Release|Any CPU.ActiveCfg = Release|Any CPU
		{28D13DBF-1EF1-466D-A2CB-DD0BEF0D60C7}.Release|Any CPU.Build.0 = Release|Any CPU
		{28D13DBF-1EF1-466D-A2CB-DD0BEF0D60C7}.Release|x64.ActiveCfg = Release|Any CPU
		{28D13DBF-1EF1-466D-A2CB-DD0BEF0D60C7}.Release|x64.Build.0 = Release|Any CPU
		{28D13DBF-1EF1-466D-A2CB-DD0BEF0D60C7}.Release|x86.ActiveCfg = Release|Any CPU
		{28D13DBF-1EF1-466D-A2CB-DD0BEF0D60C7}.Release|x86.Build.0 = Release|Any CPU
	EndGlobalSection
	GlobalSection(SolutionProperties) = preSolution
		HideSolutionNode = FALSE
	EndGlobalSection
	GlobalSection(NestedProjects) = preSolution
		{B8A3A517-22F2-4588-98BC-909C81BBA2B9} = {0AB3BF05-4346-4AA6-1389-037BE0695223}
		{5A62258E-1B94-4408-B589-6B056660264B} = {0AB3BF05-4346-4AA6-1389-037BE0695223}
		{7DEF9740-30DC-47B6-B071-2EAF5AB83589} = {827E0CD3-B72D-47B6-A68D-7590B98EB39B}
		{F6BFEEA8-626E-2265-D6AD-3193C1BBE065} = {827E0CD3-B72D-47B6-A68D-7590B98EB39B}
		{5C3BE95C-E178-4BF6-9BB0-F937215CED6C} = {F6BFEEA8-626E-2265-D6AD-3193C1BBE065}
		{0DEEB1BC-9409-4FE1-A89B-F9CA0E5588BF} = {F6BFEEA8-626E-2265-D6AD-3193C1BBE065}
		{AC3640B2-678B-4DCB-8C45-670E10A17561} = {F6BFEEA8-626E-2265-D6AD-3193C1BBE065}
		{00B59D96-ED68-C920-9F91-B6B8B1FC5EF2} = {827E0CD3-B72D-47B6-A68D-7590B98EB39B}
		{86718022-FA78-4F04-94EF-CA7359718D57} = {00B59D96-ED68-C920-9F91-B6B8B1FC5EF2}
		{DB94A396-B723-48B5-B4C6-F35426EA72CA} = {00B59D96-ED68-C920-9F91-B6B8B1FC5EF2}
		{5D362099-99E0-49FA-AF0D-642EDDCEB573} = {00B59D96-ED68-C920-9F91-B6B8B1FC5EF2}
		{02EA681E-C7D8-13C7-8484-4AC65E1B71E8} = {827E0CD3-B72D-47B6-A68D-7590B98EB39B}
		{0761166E-9DC0-4A98-93B1-A2AC6725A51E} = {02EA681E-C7D8-13C7-8484-4AC65E1B71E8}
		{2D76AE15-B2A7-406C-97DA-6C33A368B271} = {02EA681E-C7D8-13C7-8484-4AC65E1B71E8}
		{28D13DBF-1EF1-466D-A2CB-DD0BEF0D60C7} = {02EA681E-C7D8-13C7-8484-4AC65E1B71E8}
	EndGlobalSection
	GlobalSection(ExtensibilityGlobals) = postSolution
		SolutionGuid = {9F858379-F787-425F-86E0-549D53C72FC1}
	EndGlobalSection
EndGlobal
